<?xml version="1.0" encoding="utf-8"?>
<Project ToolsVersion="4.0" xmlns="http://schemas.microsoft.com/developer/msbuild/2003">
  <ItemGroup>
    <Filter Include="Archivos de origen">
      <UniqueIdentifier>{4FC737F1-C7A5-4376-A066-2A32D752A2FF}</UniqueIdentifier>
      <Extensions>cpp;c;cc;cxx;c++;cppm;ixx;def;odl;idl;hpj;bat;asm;asmx</Extensions>
    </Filter>
    <Filter Include="Archivos de encabezado">
      <UniqueIdentifier>{93995380-89BD-4b04-88EB-625FBE52EBFB}</UniqueIdentifier>
      <Extensions>h;hh;hpp;hxx;h++;hm;inl;inc;ipp;xsd</Extensions>
    </Filter>
    <Filter Include="Archivos de recursos">
      <UniqueIdentifier>{67DA6AB6-F800-4c08-8B7A-83BB121AAD01}</UniqueIdentifier>
      <Extensions>rc;ico;cur;bmp;dlg;rc2;rct;bin;rgs;gif;jpg;jpeg;jpe;resx;tiff;tif;png;wav;mfcribbon-ms</Extensions>
    </Filter>
    <Filter Include="Archivos de recursos\Images">
      <UniqueIdentifier>{9993fa20-6948-47bf-a34c-0a5db8653da4}</UniqueIdentifier>
    </Filter>
    <Filter Include="Archivos de recursos\Videos">
      <UniqueIdentifier>{e1de0ff3-fb69-4102-8b34-b74831416cdb}</UniqueIdentifier>
    </Filter>
    <Filter Include="Archivos de recursos\Data">
      <UniqueIdentifier>{0f9d4d0b-f599-4b20-9da2-6548e86ca8e1}</UniqueIdentifier>
    </Filter>
  </ItemGroup>
  <ItemGroup>
    <ClCompile Include="Circle.cpp">
      <Filter>Archivos de origen</Filter>
    </ClCompile>
    <ClCompile Include="SegColorLab.cpp">
      <Filter>Archivos de origen</Filter>
    </ClCompile>
  </ItemGroup>
  <ItemGroup>
    <ClInclude Include="Circle.h">
      <Filter>Archivos de encabezado</Filter>
    </ClInclude>
  </ItemGroup>
  <ItemGroup>
    <Image Include="Resorces\Images\ColorNaranja.png">
      <Filter>Archivos de recursos\Images</Filter>
    </Image>
    <Image Include="Resorces\Images\ColorNaranjaClaro.png">
      <Filter>Archivos de recursos\Images</Filter>
    </Image>
    <Image Include="Resorces\Images\ColorVerde.png">
      <Filter>Archivos de recursos\Images</Filter>
    </Image>
    <Image Include="Resorces\Images\LastFrame.png">
      <Filter>Archivos de recursos\Images</Filter>
    </Image>
    <Image Include="Resorces\Images\MascaraAmarilla.png">
      <Filter>Archivos de recursos\Images</Filter>
    </Image>
    <Image Include="Resorces\Images\MascaraRoja.png">
      <Filter>Archivos de recursos\Images</Filter>
    </Image>
    <Image Include="Resorces\Images\MascaraVerde.png">
      <Filter>Archivos de recursos\Images</Filter>
    </Image>
    <Image Include="Resorces\Images\ModeloAmarillo.png">
      <Filter>Archivos de recursos\Images</Filter>
    </Image>
    <Image Include="Resorces\Images\ModeloRojo.png">
      <Filter>Archivos de recursos\Images</Filter>
    </Image>
    <Image Include="Resorces\Images\ModeloVerde.png">
      <Filter>Archivos de recursos\Images</Filter>
    </Image>
  </ItemGroup>
  <ItemGroup>
    <None Include="Resorces\Data\TiemposAm.dat">
      <Filter>Archivos de recursos\Data</Filter>
    </None>
    <None Include="Resorces\Data\TiemposRo.dat">
      <Filter>Archivos de recursos\Data</Filter>
    </None>
    <None Include="Resorces\Data\TiemposVe.dat">
      <Filter>Archivos de recursos\Data</Filter>
    </None>
    <None Include="Resorces\Videos\PelotaAmarilla.mkv">
      <Filter>Archivos de recursos\Videos</Filter>
    </None>
    <None Include="Resorces\Videos\PelotaRoja.mkv">
      <Filter>Archivos de recursos\Videos</Filter>
    </None>
    <None Include="Resorces\Videos\PelotaVerde.mkv">
      <Filter>Archivos de recursos\Videos</Filter>
    </None>
  </ItemGroup>
</Project>